
Microsoft Visual Studio Solution File, Format Version 12.00
# Visual Studio Version 16
VisualStudioVersion = 25.0.1706.0
MinimumVisualStudioVersion = 10.0.40219.1
Project("{FAE04EC0-301F-11D3-BF4B-00C04F79EFBC}") = "JaggedArray", "JaggedArray\JaggedArray.csproj", "{333CEE94-30D3-42D5-BA00-B05322E160BB}"
EndProject
Global
	GlobalSection(SolutionConfigurationPlatforms) = preSolution
		Debug|Any CPU = Debug|Any CPU
		Release|Any CPU = Release|Any CPU
	EndGlobalSection
	GlobalSection(ProjectConfigurationPlatforms) = postSolution
		{333CEE94-30D3-42D5-BA00-B05322E160BB}.Debug|Any CPU.ActiveCfg = Debug|Any CPU
		{333CEE94-30D3-42D5-BA00-B05322E160BB}.Debug|Any CPU.Build.0 = Debug|Any CPU
		{333CEE94-30D3-42D5-BA00-B05322E160BB}.Release|Any CPU.ActiveCfg = Release|Any CPU
		{333CEE94-30D3-42D5-BA00-B05322E160BB}.Release|Any CPU.Build.0 = Release|Any CPU
	EndGlobalSection
	GlobalSection(SolutionProperties) = preSolution
		HideSolutionNode = FALSE
	EndGlobalSection
	GlobalSection(ExtensibilityGlobals) = postSolution
		SolutionGuid = {A473E64B-F5F1-4AC5-8AC7-1C11AD57C8FA}
	EndGlobalSection
EndGlobal
